
Microsoft Visual Studio Solution File, Format Version 12.00
# Visual Studio Version 16
VisualStudioVersion = 16.0.30621.155
MinimumVisualStudioVersion = 10.0.40219.1
Project("{9A19103F-16F7-4668-BE54-9A1E7A4F7556}") = "GopherLib", "GopherLib\GopherLib.csproj", "{00EF5973-3B56-4A7E-BCC1-D9A3DB853357}"
EndProject
Project("{2150E333-8FDC-42A3-9474-1A3956D46DE8}") = "Solution Items", "Solution Items", "{CD9A8100-3CDD-4DED-9209-E720A09B6319}"
	ProjectSection(SolutionItems) = preProject
		..\README.md = ..\README.md
	EndProjectSection
EndProject
Project("{2150E333-8FDC-42A3-9474-1A3956D46DE8}") = "RFC", "RFC", "{998E445C-2615-49D1-A11E-B111F2E44017}"
	ProjectSection(SolutionItems) = preProject
		..\rfc\rfc1436.txt = ..\rfc\rfc1436.txt
		..\rfc\rfc1738.txt = ..\rfc\rfc1738.txt
		..\rfc\rfc3986.txt = ..\rfc\rfc3986.txt
		..\rfc\rfc4266.txt = ..\rfc\rfc4266.txt
	EndProjectSection
EndProject
Project("{9A19103F-16F7-4668-BE54-9A1E7A4F7556}") = "GopherLib.Test", "GopherLib.Test\GopherLib.Test.csproj", "{F833A222-7436-4688-9ED2-58072438770E}"
EndProject
Project("{9A19103F-16F7-4668-BE54-9A1E7A4F7556}") = "GopherLib.Integration.Test", "GopherLib.Integration.Test\GopherLib.Integration.Test.csproj", "{2BCB0DC2-1174-4CA9-AC19-201597C38095}"
EndProject
Project("{FAE04EC0-301F-11D3-BF4B-00C04F79EFBC}") = "Gopher.Cli", "Gopher.Cli\Gopher.Cli.csproj", "{ED36150F-6CDD-428E-9DF1-0963830E4143}"
EndProject
Global
	GlobalSection(SolutionConfigurationPlatforms) = preSolution
		Debug|Any CPU = Debug|Any CPU
		Release|Any CPU = Release|Any CPU
	EndGlobalSection
	GlobalSection(ProjectConfigurationPlatforms) = postSolution
		{00EF5973-3B56-4A7E-BCC1-D9A3DB853357}.Debug|Any CPU.ActiveCfg = Debug|Any CPU
		{00EF5973-3B56-4A7E-BCC1-D9A3DB853357}.Debug|Any CPU.Build.0 = Debug|Any CPU
		{00EF5973-3B56-4A7E-BCC1-D9A3DB853357}.Release|Any CPU.ActiveCfg = Release|Any CPU
		{00EF5973-3B56-4A7E-BCC1-D9A3DB853357}.Release|Any CPU.Build.0 = Release|Any CPU
		{F833A222-7436-4688-9ED2-58072438770E}.Debug|Any CPU.ActiveCfg = Debug|Any CPU
		{F833A222-7436-4688-9ED2-58072438770E}.Debug|Any CPU.Build.0 = Debug|Any CPU
		{F833A222-7436-4688-9ED2-58072438770E}.Release|Any CPU.ActiveCfg = Release|Any CPU
		{F833A222-7436-4688-9ED2-58072438770E}.Release|Any CPU.Build.0 = Release|Any CPU
		{2BCB0DC2-1174-4CA9-AC19-201597C38095}.Debug|Any CPU.ActiveCfg = Debug|Any CPU
		{2BCB0DC2-1174-4CA9-AC19-201597C38095}.Debug|Any CPU.Build.0 = Debug|Any CPU
		{2BCB0DC2-1174-4CA9-AC19-201597C38095}.Release|Any CPU.ActiveCfg = Release|Any CPU
		{2BCB0DC2-1174-4CA9-AC19-201597C38095}.Release|Any CPU.Build.0 = Release|Any CPU
		{ED36150F-6CDD-428E-9DF1-0963830E4143}.Debug|Any CPU.ActiveCfg = Debug|Any CPU
		{ED36150F-6CDD-428E-9DF1-0963830E4143}.Debug|Any CPU.Build.0 = Debug|Any CPU
		{ED36150F-6CDD-428E-9DF1-0963830E4143}.Release|Any CPU.ActiveCfg = Release|Any CPU
		{ED36150F-6CDD-428E-9DF1-0963830E4143}.Release|Any CPU.Build.0 = Release|Any CPU
	EndGlobalSection
	GlobalSection(SolutionProperties) = preSolution
		HideSolutionNode = FALSE
	EndGlobalSection
	GlobalSection(NestedProjects) = preSolution
		{998E445C-2615-49D1-A11E-B111F2E44017} = {CD9A8100-3CDD-4DED-9209-E720A09B6319}
	EndGlobalSection
	GlobalSection(ExtensibilityGlobals) = postSolution
		SolutionGuid = {4D0ED218-04B5-4D29-B239-228D9A176862}
	EndGlobalSection
EndGlobal
